# platform: linux-64
# env_hash: dc2d224685004684d7588a0e97566f3b06e047af87d061dbbe5cd1e6bc8598a4
@EXPLICIT
https://repo.anaconda.com/pkgs/main/linux-64/_libgcc_mutex-0.1-main.conda#c3473ff8bdb3d124ed5ff11ec380d6f9
https://repo.anaconda.com/pkgs/main/linux-64/_tflow_select-2.1.0-gpu.conda#1b1de4b8b5bab444dc262a42f136a097
https://repo.anaconda.com/pkgs/main/linux-64/blas-1.0-mkl.conda#9a7a051e9bd41da46523acb017d8a517
https://repo.anaconda.com/pkgs/main/linux-64/ca-certificates-2020.12.8-h06a4308_0.conda#5fa954be2b648b25b03f685f66600065
https://repo.anaconda.com/pkgs/main/linux-64/cudatoolkit-10.1.243-h6bb024c_0.conda#86c2168ceb0c5e8707efce50699ed001
https://repo.anaconda.com/pkgs/main/linux-64/intel-openmp-2020.2-254.conda#e5ebf34035f1012b68e2e1508c9c48a5
https://repo.anaconda.com/pkgs/main/linux-64/ld_impl_linux-64-2.33.1-h53a641e_7.conda#ae7fa9dd2ad15b81ab2ba25fe264bcb0
https://repo.anaconda.com/pkgs/main/linux-64/libgfortran-ng-7.3.0-hdf63c60_0.conda#e3e10877b7ee2bdd3f67f6d4d4e32e00
https://repo.anaconda.com/pkgs/main/linux-64/libstdcxx-ng-9.1.0-hdf63c60_0.conda#c3efd14430bedbe0a036a899f50cec7f
https://repo.anaconda.com/pkgs/main/linux-64/cudnn-7.6.5-cuda10.1_0.conda#48850e851b910b694192f417e860fba3
https://repo.anaconda.com/pkgs/main/linux-64/cupti-10.1.168-0.conda#073e0478e7092ddf4945947d2ce2e633
https://repo.anaconda.com/pkgs/main/linux-64/libgcc-ng-9.1.0-hdf63c60_0.conda#80a23105874059534307086faae566c5
https://repo.anaconda.com/pkgs/main/linux-64/mkl-2020.2-256.conda#a73b6cbcdbcc8f4a10d5b46181f418bb
https://repo.anaconda.com/pkgs/main/linux-64/brotli-1.0.9-he6710b0_2.conda#6513a2c97bd29ec2978d163c7e1f7932
https://repo.anaconda.com/pkgs/main/linux-64/bzip2-1.0.8-h7b6447c_0.conda#9303f4af7c004e069bae22bde8d800ee
https://repo.anaconda.com/pkgs/main/linux-64/c-ares-1.17.1-h27cfd23_0.conda#5e5b4f78e590914237307029282c971b
https://repo.anaconda.com/pkgs/main/linux-64/charls-2.1.0-he6710b0_2.conda#cf437750d6e420d3ebff1f1d62980391
https://repo.anaconda.com/pkgs/main/linux-64/giflib-5.1.4-h14c3975_1.conda#877b1358f7dcf1193e717adc543b2aff
https://repo.anaconda.com/pkgs/main/linux-64/jpeg-9b-h024ee3a_2.conda#d8f003a909108eaa4a6d898dacb740f8
https://repo.anaconda.com/pkgs/main/linux-64/jxrlib-1.1-h7b6447c_2.conda#3cc305f3788177c8ea28088590ab75a1
https://repo.anaconda.com/pkgs/main/linux-64/libaec-1.0.4-he6710b0_1.conda#95e3b23fe7c0108bce3b6826749bb94d
https://repo.anaconda.com/pkgs/main/linux-64/libffi-3.3-he6710b0_2.conda#88a54b8f50e351c650e16f4ee781440c
https://repo.anaconda.com/pkgs/main/linux-64/libuv-1.40.0-h7b6447c_0.conda#bb1eff3862d3729995c38fc1f5d71ca4
https://repo.anaconda.com/pkgs/main/linux-64/libzopfli-1.0.3-he6710b0_0.conda#8671895f71c9046f38b814f8662226f5
https://repo.anaconda.com/pkgs/main/linux-64/lz4-c-1.9.2-heb0550a_3.conda#e5ca74db6634f89f50979eadcea8b0c8
https://repo.anaconda.com/pkgs/main/linux-64/ncurses-6.2-he6710b0_1.conda#b7ddf5ee3934b7f54620e8f6c0ee8a95
https://repo.anaconda.com/pkgs/main/linux-64/openssl-1.1.1i-h27cfd23_0.conda#ab2bf4db2634735f28b682e30af66f25
https://repo.anaconda.com/pkgs/main/linux-64/snappy-1.1.8-he6710b0_0.conda#ae25e5e0fe1cc047fff7314df6bc1368
https://repo.anaconda.com/pkgs/main/linux-64/xz-5.2.5-h7b6447c_0.conda#73a16ea8ba890175a1ce94a3a87c8f68
https://repo.anaconda.com/pkgs/main/linux-64/yaml-0.2.5-h7b6447c_0.conda#39fdbf4db769e494ffb06d95680c83d8
https://repo.anaconda.com/pkgs/main/linux-64/zlib-1.2.11-h7b6447c_3.conda#50aa4407424985d56ec8ae2f94626aa9
https://repo.anaconda.com/pkgs/main/linux-64/hdf5-1.10.6-hb1b8bf9_0.conda#a496f7ed2cbb6fb069b005f4df3c0cff
https://repo.anaconda.com/pkgs/main/linux-64/libedit-3.1.20191231-h14c3975_1.conda#a900fd130232e0189f071fabbc6025d9
https://repo.anaconda.com/pkgs/main/linux-64/libpng-1.6.37-hbc83047_0.conda#689f903925dcf6c5ab7bc1de0f58b67b
https://repo.anaconda.com/pkgs/main/linux-64/libprotobuf-3.13.0.1-hd408876_0.conda#a7099d27324f9d459ed48b347c2e7174
https://repo.anaconda.com/pkgs/main/linux-64/readline-8.0-h7b6447c_0.conda#a0872d6b7b037b1e073c962140ae72aa
https://repo.anaconda.com/pkgs/main/linux-64/tk-8.6.10-hbc83047_0.conda#9ba14aaba4818a66c820f85f5bf34ca0
https://repo.anaconda.com/pkgs/main/linux-64/zstd-1.4.5-h9ceee32_0.conda#d05e94324d0cdd0f8f7c099a1c46199b
https://repo.anaconda.com/pkgs/main/linux-64/blosc-1.20.1-hd408876_0.conda#f945d4bea4efb1362cbea553b00c2f42
https://repo.anaconda.com/pkgs/main/linux-64/freetype-2.10.4-h5ab3b9f_0.conda#bef0ea8b3abc9d84674733a3ca426865
https://repo.anaconda.com/pkgs/main/linux-64/libtiff-4.1.0-h2733197_1.conda#6c4806c1cf73eefa92deab14c98c6c15
https://repo.anaconda.com/pkgs/main/linux-64/sqlite-3.33.0-h62c20be_0.conda#c4d7dd5cb9eca27fdf96764c1f706cb5
https://repo.anaconda.com/pkgs/main/linux-64/lcms2-2.11-h396b838_0.conda#9c4eab3aa7783b3c89ff1c2210b63df9
https://repo.anaconda.com/pkgs/main/linux-64/libwebp-1.0.1-h8e7db2f_0.conda#786d06bc5b6374a27553aacab2e48202
https://repo.anaconda.com/pkgs/main/linux-64/openjpeg-2.3.0-h05c96fa_1.conda#b69d59e92e5f05b707d592f12d46b1c4
https://repo.anaconda.com/pkgs/main/linux-64/python-3.8.5-h7579374_1.conda#fa19bb6876427f0aadd3e2c2804fbb61
https://repo.anaconda.com/pkgs/main/linux-64/async-timeout-3.0.1-py38_0.conda#294674820136b0385067b942a316c7f5
https://repo.anaconda.com/pkgs/main/noarch/attrs-20.3.0-pyhd3eb1b0_0.conda#5605773235ba2c3d097b130132bc5907
https://repo.anaconda.com/pkgs/main/linux-64/blinker-1.4-py38_0.conda#90a66878d88be21789b74fb87d3e107f
https://repo.anaconda.com/pkgs/main/noarch/cachetools-4.2.0-pyhd3eb1b0_0.conda#6b77347543af6ef79a1e41032a92f4ae
https://repo.anaconda.com/pkgs/main/linux-64/certifi-2020.12.5-py38h06a4308_0.conda#a0284d282349498e5e88dd3be1a4b61d
https://repo.anaconda.com/pkgs/main/linux-64/chardet-3.0.4-py38h06a4308_1003.conda#8fbe25c5c5ab9f6d55914843c17654cb
https://repo.anaconda.com/pkgs/main/noarch/click-7.1.2-py_0.conda#122e0ead7703cf4f04a36b34e2d1f9a2
https://repo.anaconda.com/pkgs/main/noarch/cloudpickle-1.6.0-py_0.conda#4af8dd70369256b84ed5cdb100871d85
https://repo.anaconda.com/pkgs/main/noarch/decorator-4.4.2-py_0.conda#3f5146ff080437ecb0e1583a6021c634
https://repo.anaconda.com/pkgs/main/noarch/gast-0.3.3-py_0.conda#59bdcc125a9b94505a63d10371bafec3
https://repo.anaconda.com/pkgs/main/noarch/idna-2.10-py_0.conda#72085bc43b003e02a3ff9356bc428f25
https://repo.anaconda.com/pkgs/main/linux-64/kiwisolver-1.3.0-py38h2531618_0.conda#e1ab1adba2027f09de02d1fbdc7b15ba
https://repo.anaconda.com/pkgs/main/linux-64/multidict-4.7.6-py38h7b6447c_1.conda#077963e3d3af84462549136646b48094
https://repo.anaconda.com/pkgs/main/noarch/natsort-7.1.0-pyhd3eb1b0_0.conda#05281d47aa55e9689de0c223cd971148
https://repo.anaconda.com/pkgs/main/linux-64/ninja-1.10.2-py38hff7bd54_0.conda#f1e64f0f900188d088edd3d869353180
https://repo.anaconda.com/pkgs/main/noarch/olefile-0.46-py_0.conda#c375c94096c0e2d79eba3b89f60dca93
https://repo.anaconda.com/pkgs/main/noarch/pyasn1-0.4.8-py_0.conda#8350499be7d2a3982b0878fe59e36b96
https://repo.anaconda.com/pkgs/main/noarch/pycparser-2.20-py_2.conda#fcfeb621c6f895f3562ff01d9d6ce959
https://repo.anaconda.com/pkgs/main/noarch/pyparsing-2.4.7-py_0.conda#d6fe929a2cfbb096d7c66632036acd20
https://repo.anaconda.com/pkgs/main/linux-64/pysocks-1.7.1-py38h06a4308_0.conda#21c67581f3a81ffbb02728eb2178d693
https://repo.anaconda.com/pkgs/main/linux-64/pyyaml-5.3.1-py38h7b6447c_1.conda#13572270cd3f42590968ce4885dc2e04
https://repo.anaconda.com/pkgs/main/linux-64/six-1.15.0-py38h06a4308_0.conda#9748417d78b853a64a71fbc0e969fffc
https://repo.anaconda.com/pkgs/main/linux-64/termcolor-1.1.0-py38_1.conda#7f2612d0e0f6e622897c09bd60129104
https://repo.anaconda.com/pkgs/main/noarch/threadpoolctl-2.1.0-pyh5ca1d4c_0.conda#d7fb4986840739d43bfdc97f860464bd
https://repo.anaconda.com/pkgs/main/noarch/toolz-0.11.1-py_0.conda#288e4f97180bcabd5865681da9656f77
https://repo.anaconda.com/pkgs/main/linux-64/tornado-6.1-py38h27cfd23_0.conda#d2d3043f631807af72b0fde504baf625
https://repo.anaconda.com/pkgs/main/noarch/typing_extensions-3.7.4.3-py_0.conda#c26af7e476ebc6e70a6005c4492eb18d
https://repo.anaconda.com/pkgs/main/noarch/werkzeug-1.0.1-py_0.conda#e2bbf09c9e0344b7213a6e75237f16ad
https://repo.anaconda.com/pkgs/main/noarch/wheel-0.36.2-pyhd3eb1b0_0.conda#31029affc034e8c7203202417cebd157
https://repo.anaconda.com/pkgs/main/linux-64/wrapt-1.12.1-py38h7b6447c_1.conda#73f3e24df328715b26f1e74a27487cce
https://repo.anaconda.com/pkgs/main/noarch/zipp-3.4.0-pyhd3eb1b0_0.conda#d78b874a99d1c899e5a3fc68daf61647
https://repo.anaconda.com/pkgs/main/noarch/absl-py-0.11.0-pyhd3eb1b0_1.conda#87d1e0c67481b5525a7414bd3d4a4530
https://repo.anaconda.com/pkgs/main/noarch/astunparse-1.6.3-py_0.conda#250bc9eafb39eff7fff001dae10e2d3c
https://repo.anaconda.com/pkgs/main/linux-64/cffi-1.14.4-py38h261ae71_0.conda#6f72f71644220f8dc174e5df5a22ed65
https://repo.anaconda.com/pkgs/main/linux-64/cycler-0.10.0-py38_0.conda#59bc042b0900f52a43a2a1ca50dfb60a
https://repo.anaconda.com/pkgs/main/linux-64/cytoolz-0.11.0-py38h7b6447c_0.conda#674167bf0c35566f9fb70653cfc196c0
https://repo.anaconda.com/pkgs/main/noarch/dask-core-2020.12.0-pyhd3eb1b0_0.conda#e2ee55c7daf9ebf205b8cfa23bcc1ac7
https://repo.anaconda.com/pkgs/main/noarch/google-pasta-0.2.0-py_0.conda#faa33798bab2e51cf74e55b21f49d25c
https://repo.anaconda.com/pkgs/main/noarch/importlib-metadata-2.0.0-py_1.conda#d2f605e1a629fdc9db49e812e6c19c9b
https://repo.anaconda.com/pkgs/main/linux-64/mkl-service-2.3.0-py38he904b0f_0.conda#5f00243e62fc780feb1f96058a108368
https://repo.anaconda.com/pkgs/main/linux-64/pillow-8.0.1-py38he98fc37_0.conda#e74d197bd82209d42cedf6d3fec24c1b
https://repo.anaconda.com/pkgs/main/noarch/pyasn1-modules-0.2.8-py_0.conda#9f3232c42eed255f0877d3f7c955e237
https://repo.anaconda.com/pkgs/main/noarch/python-dateutil-2.8.1-py_0.conda#062ee583dae450d908d45d6c08beae97
https://repo.anaconda.com/pkgs/main/noarch/rsa-4.6-py_0.conda#acc91b84eb0b4bf6109bc2ce81c75662
https://repo.anaconda.com/pkgs/main/linux-64/setuptools-51.0.0-py38h06a4308_2.conda#8f3b357dd23cb903cc1c2cc1fa0438f0
https://repo.anaconda.com/pkgs/main/linux-64/yarl-1.6.3-py38h27cfd23_0.conda#d75a5a7085cbfcfaac45a3514fd81504
https://repo.anaconda.com/pkgs/main/linux-64/aiohttp-3.6.3-py38h7b6447c_0.conda#86e0e943db403ce2eacfe8a4222eed36
https://repo.anaconda.com/pkgs/main/linux-64/brotlipy-0.7.0-py38h27cfd23_1003.conda#e881c8ee8a4048f29da5d20f0330fe37
https://repo.anaconda.com/pkgs/main/linux-64/cryptography-3.3.1-py38h3c74f83_0.conda#0fa9b82c4b16b1d0af7c750233e84a41
https://repo.anaconda.com/pkgs/main/linux-64/grpcio-1.31.0-py38hf8bcb03_0.conda#dd9ae83d40da3e086567a36e50efb38d
https://repo.anaconda.com/pkgs/main/noarch/joblib-1.0.0-pyhd3eb1b0_0.conda#1a7e7d209b6cf04bfe9506f70ea593a6
https://repo.anaconda.com/pkgs/main/linux-64/markdown-3.3.3-py38h06a4308_0.conda#a27315ca910c9ea53676373a7ce84550
https://repo.anaconda.com/pkgs/main/noarch/networkx-2.5-py_0.conda#1e742e2128438ffefb4e0284873d1298
https://repo.anaconda.com/pkgs/main/linux-64/numpy-base-1.19.2-py38hfa32c7d_0.conda#96e71076ea262302106ebb2f823a6670
https://repo.anaconda.com/pkgs/main/linux-64/pip-20.3.1-py38h06a4308_0.conda#18f9471048e129c0ef2b3138f9837ee5
https://repo.anaconda.com/pkgs/main/linux-64/protobuf-3.13.0.1-py38he6710b0_1.conda#628b90e9a009de98bc658d9a89814661
https://repo.anaconda.com/pkgs/main/noarch/tensorboard-plugin-wit-1.6.0-py_0.conda#12ab6d08eb7ae82913a81b9fc631a279
https://repo.anaconda.com/pkgs/main/noarch/google-auth-1.24.0-pyhd3eb1b0_0.conda#2c690af8a82621f8c8c9fd5310a35574
https://repo.anaconda.com/pkgs/main/linux-64/pyjwt-1.7.1-py38_0.conda#6c7a931894d7a5e1bf8cd8175fe0ead9
https://repo.anaconda.com/pkgs/main/noarch/pyopenssl-20.0.0-pyhd3eb1b0_1.conda#580eb49475a383cbeb0783f69725e553
https://repo.anaconda.com/pkgs/main/noarch/oauthlib-3.1.0-py_0.conda#c17d4f150993bb3181a2bb4d0b3fdeef
https://repo.anaconda.com/pkgs/main/noarch/urllib3-1.25.11-py_0.conda#dfa55e29cfa4aa8ec1190cb0e4d14c2f
https://repo.anaconda.com/pkgs/main/noarch/requests-2.25.0-pyhd3eb1b0_0.conda#e89ff0fa92bc13dc6b629eaf342ada2c
https://repo.anaconda.com/pkgs/main/noarch/requests-oauthlib-1.3.0-py_0.conda#a889394d246d3d475ced7df1314abdaa
https://repo.anaconda.com/pkgs/main/noarch/google-auth-oauthlib-0.4.2-pyhd3eb1b0_2.conda#3843cc7379f9b1fd087e967efd36b6e4
https://repo.anaconda.com/pkgs/main/linux-64/h5py-2.10.0-py38hd6299e0_1.conda#5ffdea1e8fb09af8cbb72b0b080b2238
https://repo.anaconda.com/pkgs/main/linux-64/imagecodecs-2020.5.30-py38hfa7d478_2.conda#8c35e74e17392ad3a0ce68d387b93463
https://repo.anaconda.com/pkgs/main/linux-64/matplotlib-base-3.3.2-py38h817c723_0.conda#8bdc509599f37e4ad6efc24772e3e359
https://repo.anaconda.com/pkgs/main/linux-64/mkl_fft-1.2.0-py38h23d657b_0.conda#c716cfb0ad76f3c0f0bb0e9586e09bd4
https://repo.anaconda.com/pkgs/main/linux-64/mkl_random-1.1.1-py38h0573a6f_0.conda#d606c76928ccd2c811069c271d13dc3b
https://repo.anaconda.com/pkgs/main/linux-64/numpy-1.19.2-py38h54aff64_0.conda#f63dfd30b7bbac33e0c9ee4924ffefda
https://repo.anaconda.com/pkgs/main/noarch/imageio-2.9.0-py_0.conda#697401aa1eba2ebe4993bbf7b7fd0e65
https://repo.anaconda.com/pkgs/main/noarch/opt_einsum-3.1.0-py_0.conda#2772b73f3bcc2923ee853b4d843e8651
https://conda.anaconda.org/pytorch/linux-64/pytorch-1.7.1-py3.8_cuda10.1.243_cudnn7.6.3_0.tar.bz2#cd42142652c55f0690fbe7dd2dc00b4d
https://repo.anaconda.com/pkgs/main/linux-64/pywavelets-1.1.1-py38h7b6447c_2.conda#b81b77842f5305cc880459cc095d9374
https://repo.anaconda.com/pkgs/main/linux-64/scipy-1.5.2-py38h0b6359f_0.conda#49be8a458f3e7fd1f475ffe04faf9415
https://repo.anaconda.com/pkgs/main/noarch/tensorboard-2.3.0-pyh4dce500_0.conda#c762d44fb304dbdfbc8eaed6c3d6d38e
https://repo.anaconda.com/pkgs/main/noarch/tifffile-2020.12.4-pyhd3eb1b0_0.conda#16c24b06d5fccb40c7e8f17d1a5c6e43
https://conda.anaconda.org/pytorch/linux-64/ignite-0.4.2-py38_0.tar.bz2#b67143ef8a45ce74dc9fc1c7c7bfc622
https://repo.anaconda.com/pkgs/main/noarch/keras-preprocessing-1.1.0-py_1.conda#ee5bc4c809133b66b664a750135d33cd
https://repo.anaconda.com/pkgs/main/linux-64/scikit-image-0.17.2-py38hdf5156a_0.conda#3b1d23107ec873aa49c1e4a60f11eb9f
https://repo.anaconda.com/pkgs/main/linux-64/scikit-learn-0.23.2-py38h0573a6f_0.conda#5fa780eb296c4e8c34fc554afeb808c5
https://conda.anaconda.org/pytorch/linux-64/torchaudio-0.7.2-py38.tar.bz2#7c6148bb926728883c791e2d273299ed
https://conda.anaconda.org/pytorch/linux-64/torchvision-0.8.2-py38_cu101.tar.bz2#5ad31ea965d2ba0b50d5b067ef1f1208
https://repo.anaconda.com/pkgs/main/linux-64/tensorflow-base-2.2.0-gpu_py38h83e3d50_0.conda#affb91220be4fe8bb37312f24e7d5ec6
https://repo.anaconda.com/pkgs/main/noarch/tensorflow-estimator-2.2.0-pyh208ff02_0.conda#5811b975e2ebdcb59718b2d03c9c232f
https://repo.anaconda.com/pkgs/main/linux-64/tensorflow-2.2.0-gpu_py38hb782248_0.conda#3a5f1d5023c1548e9a2a533f202b72be
https://repo.anaconda.com/pkgs/main/linux-64/tensorflow-gpu-2.2.0-h0d30ee6_0.conda#ac0a1fc4ea1bf9a35a3e6da5409baee7
